Microsoft Visual Studio Solution File, Format Version 12.00
# Visual Studio Version 17
VisualStudioVersion = 17.2.32526.322
MinimumVisualStudioVersion = 10.0.40219.1
Project("{9A19103F-16F7-4668-BE54-9A1E7A4F7556}") = "fmp-xtc-repository-lib-mvcs", "fmp-xtc-repository-lib-mvcs\fmp-xtc-repository-lib-mvcs.csproj", "{A025A77F-6681-491B-AF6E-5818FE619BC5}"
EndProject
Project("{9A19103F-16F7-4668-BE54-9A1E7A4F7556}") = "fmp-xtc-repository-lib-mvcs_Test", "fmp-xtc-repository-lib-mvcs_Test\fmp-xtc-repository-lib-mvcs_Test.csproj", "{2ECDF65E-C593-4AF5-AAF7-C273E77DC728}"
EndProject
Project("{9A19103F-16F7-4668-BE54-9A1E7A4F7556}") = "fmp-xtc-repository-lib-proto", "fmp-xtc-repository-lib-proto\fmp-xtc-repository-lib-proto.csproj", "{057AFEF8-1709-4213-BF9F-F40590C88B41}"
EndProject
Project("{9A19103F-16F7-4668-BE54-9A1E7A4F7556}") = "fmp-xtc-repository-lib-bridge", "fmp-xtc-repository-lib-bridge\fmp-xtc-repository-lib-bridge.csproj", "{CC4B5E9F-3473-4CD8-94B0-90F4C110DE6E}"
EndProject
Project("{9A19103F-16F7-4668-BE54-9A1E7A4F7556}") = "fmp-xtc-repository-lib-razor", "fmp-xtc-repository-lib-razor\fmp-xtc-repository-lib-razor.csproj", "{CEA06B40-4493-421E-BACD-5071414C1A45}"
EndProject
Project("{9A19103F-16F7-4668-BE54-9A1E7A4F7556}") = "fmp-xtc-repository-service-grpc", "fmp-xtc-repository-service-grpc\fmp-xtc-repository-service-grpc.csproj", "{DB797923-66B6-44BE-B923-36EC008BCE84}"
EndProject
Project("{9A19103F-16F7-4668-BE54-9A1E7A4F7556}") = "fmp-xtc-repository-service-grpc_Test", "fmp-xtc-repository-service-grpc_Test\fmp-xtc-repository-service-grpc_Test.csproj", "{7812D904-461C-4941-836B-CE23CFBFC2A9}"
EndProject
Project("{9A19103F-16F7-4668-BE54-9A1E7A4F7556}") = "fmp-xtc-repository-web-blazor", "fmp-xtc-repository-web-blazor\fmp-xtc-repository-web-blazor.csproj", "{40D82313-9574-4205-A4A5-C03312FE656B}"
EndProject
Global
	GlobalSection(SolutionConfigurationPlatforms) = preSolution
		Debug|Any CPU = Debug|Any CPU
		Release|Any CPU = Release|Any CPU
	EndGlobalSection
	GlobalSection(ProjectConfigurationPlatforms) = postSolution
		{A025A77F-6681-491B-AF6E-5818FE619BC5}.Debug|Any CPU.ActiveCfg = Debug|Any CPU
		{A025A77F-6681-491B-AF6E-5818FE619BC5}.Debug|Any CPU.Build.0 = Debug|Any CPU
		{A025A77F-6681-491B-AF6E-5818FE619BC5}.Release|Any CPU.ActiveCfg = Release|Any CPU
		{A025A77F-6681-491B-AF6E-5818FE619BC5}.Release|Any CPU.Build.0 = Release|Any CPU
		{2ECDF65E-C593-4AF5-AAF7-C273E77DC728}.Debug|Any CPU.ActiveCfg = Debug|Any CPU
		{2ECDF65E-C593-4AF5-AAF7-C273E77DC728}.Debug|Any CPU.Build.0 = Debug|Any CPU
		{2ECDF65E-C593-4AF5-AAF7-C273E77DC728}.Release|Any CPU.ActiveCfg = Release|Any CPU
		{2ECDF65E-C593-4AF5-AAF7-C273E77DC728}.Release|Any CPU.Build.0 = Release|Any CPU
		{057AFEF8-1709-4213-BF9F-F40590C88B41}.Debug|Any CPU.ActiveCfg = Debug|Any CPU
		{057AFEF8-1709-4213-BF9F-F40590C88B41}.Debug|Any CPU.Build.0 = Debug|Any CPU
		{057AFEF8-1709-4213-BF9F-F40590C88B41}.Release|Any CPU.ActiveCfg = Release|Any CPU
		{057AFEF8-1709-4213-BF9F-F40590C88B41}.Release|Any CPU.Build.0 = Release|Any CPU
		{CC4B5E9F-3473-4CD8-94B0-90F4C110DE6E}.Debug|Any CPU.ActiveCfg = Debug|Any CPU
		{CC4B5E9F-3473-4CD8-94B0-90F4C110DE6E}.Debug|Any CPU.Build.0 = Debug|Any CPU
		{CC4B5E9F-3473-4CD8-94B0-90F4C110DE6E}.Release|Any CPU.ActiveCfg = Release|Any CPU
		{CC4B5E9F-3473-4CD8-94B0-90F4C110DE6E}.Release|Any CPU.Build.0 = Release|Any CPU
		{CEA06B40-4493-421E-BACD-5071414C1A45}.Debug|Any CPU.ActiveCfg = Debug|Any CPU
		{CEA06B40-4493-421E-BACD-5071414C1A45}.Debug|Any CPU.Build.0 = Debug|Any CPU
		{CEA06B40-4493-421E-BACD-5071414C1A45}.Release|Any CPU.ActiveCfg = Release|Any CPU
		{CEA06B40-4493-421E-BACD-5071414C1A45}.Release|Any CPU.Build.0 = Release|Any CPU
		{DB797923-66B6-44BE-B923-36EC008BCE84}.Debug|Any CPU.ActiveCfg = Debug|Any CPU
		{DB797923-66B6-44BE-B923-36EC008BCE84}.Debug|Any CPU.Build.0 = Debug|Any CPU
		{DB797923-66B6-44BE-B923-36EC008BCE84}.Release|Any CPU.ActiveCfg = Release|Any CPU
		{DB797923-66B6-44BE-B923-36EC008BCE84}.Release|Any CPU.Build.0 = Release|Any CPU
		{7812D904-461C-4941-836B-CE23CFBFC2A9}.Debug|Any CPU.ActiveCfg = Debug|Any CPU
		{7812D904-461C-4941-836B-CE23CFBFC2A9}.Debug|Any CPU.Build.0 = Debug|Any CPU
		{7812D904-461C-4941-836B-CE23CFBFC2A9}.Release|Any CPU.ActiveCfg = Release|Any CPU
		{7812D904-461C-4941-836B-CE23CFBFC2A9}.Release|Any CPU.Build.0 = Release|Any CPU
		{40D82313-9574-4205-A4A5-C03312FE656B}.Debug|Any CPU.ActiveCfg = Debug|Any CPU
		{40D82313-9574-4205-A4A5-C03312FE656B}.Debug|Any CPU.Build.0 = Debug|Any CPU
		{40D82313-9574-4205-A4A5-C03312FE656B}.Release|Any CPU.ActiveCfg = Release|Any CPU
		{40D82313-9574-4205-A4A5-C03312FE656B}.Release|Any CPU.Build.0 = Release|Any CPU
	EndGlobalSection
	GlobalSection(SolutionProperties) = preSolution
		HideSolutionNode = FALSE
	EndGlobalSection
	GlobalSection(ExtensibilityGlobals) = postSolution
		SolutionGuid = {9210A594-C9CC-44F1-B5B5-7946FF6C49C6}
	EndGlobalSection
EndGlobal
